
Microsoft Visual Studio Solution File, Format Version 12.00
# Visual Studio Version 17
VisualStudioVersion = 17.9.34616.47
MinimumVisualStudioVersion = 10.0.40219.1
Project("{9A19103F-16F7-4668-BE54-9A1E7A4F7556}") = "FluentValidation.SmartMessages", "FluentValidation.SmartMessages\FluentValidation.SmartMessages.csproj", "{4E9C3D54-B972-4F77-BF35-EA15EA85BB08}"
EndProject
Global
	GlobalSection(SolutionConfigurationPlatforms) = preSolution
		Debug|Any CPU = Debug|Any CPU
		Release|Any CPU = Release|Any CPU
	EndGlobalSection
	GlobalSection(ProjectConfigurationPlatforms) = postSolution
		{4E9C3D54-B972-4F77-BF35-EA15EA85BB08}.Debug|Any CPU.ActiveCfg = Debug|Any CPU
		{4E9C3D54-B972-4F77-BF35-EA15EA85BB08}.Debug|Any CPU.Build.0 = Debug|Any CPU
		{4E9C3D54-B972-4F77-BF35-EA15EA85BB08}.Release|Any CPU.ActiveCfg = Release|Any CPU
		{4E9C3D54-B972-4F77-BF35-EA15EA85BB08}.Release|Any CPU.Build.0 = Release|Any CPU
	EndGlobalSection
	GlobalSection(SolutionProperties) = preSolution
		HideSolutionNode = FALSE
	EndGlobalSection
	GlobalSection(ExtensibilityGlobals) = postSolution
		SolutionGuid = {FF0E4BB1-3D0D-42AF-B1C2-1FEEA4DE23F4}
	EndGlobalSection
EndGlobal
